// !$*UTF8*$!
{
	archiveVersion = 1;
	classes = {
	};
	objectVersion = 77;
	objects = {

/* Begin PBXBuildFile section */
		066ADC4DD80A12571DF2151E /* TaskStore.swift in Sources */ = {isa = PBXBuildFile; fileRef = 4DC1423AD085494F33745D2E /* TaskStore.swift */; };
		0FB30F80EB7ECF4363FD1FED /* TerminalManager.swift in Sources */ = {isa = PBXBuildFile; fileRef = D23B7DE2DFE3C4DDE8C7D2BA /* TerminalManager.swift */; };
		34B024D3007516CBE057D5C7 /* TaskListView.swift in Sources */ = {isa = PBXBuildFile; fileRef = EF59B9EF930DEB772C21104F /* TaskListView.swift */; };
		419AB25FA08F5C8A7860B1AF /* TerminalSession.swift in Sources */ = {isa = PBXBuildFile; fileRef = 532FB390414BFD07438C8C9A /* TerminalSession.swift */; };
		56CE4C9D82FE2A6BCE0B961A /* ContentView.swift in Sources */ = {isa = PBXBuildFile; fileRef = 487D6282792C0FD56EFDFA33 /* ContentView.swift */; };
		7903184A5122D02FCE2646B7 /* SwiftTerm in Frameworks */ = {isa = PBXBuildFile; productRef = 453B89BD174B41D8EBBE24D0 /* SwiftTerm */; };
		89C1E88D91C380D363AA3F04 /* TaskPersistence.swift in Sources */ = {isa = PBXBuildFile; fileRef = 344CBCE693D0F1911700755F /* TaskPersistence.swift */; };
		ADA9422CEB890F3043C4FD08 /* TaskRowView.swift in Sources */ = {isa = PBXBuildFile; fileRef = 0CDE2C4DCC638E50F9148AEE /* TaskRowView.swift */; };
		C0928B26FD55E0844B9EA447 /* TaskItem.swift in Sources */ = {isa = PBXBuildFile; fileRef = A941E4A0996B9AEED9CBAAE8 /* TaskItem.swift */; };
		DA7374F469E481038FC3BB2A /* TerminatorApp.swift in Sources */ = {isa = PBXBuildFile; fileRef = 6560C5C6745BA72EBA596587 /* TerminatorApp.swift */; };
		E3E06AE1FFAE32F771C3DE1B /* SwiftTermView.swift in Sources */ = {isa = PBXBuildFile; fileRef = C081BE14A6D98DFB365FD7CA /* SwiftTermView.swift */; };
		F200B4A932AFEEC8BFEF0D76 /* TerminalPanelView.swift in Sources */ = {isa = PBXBuildFile; fileRef = B4BC420863F54E3A07CA8D52 /* TerminalPanelView.swift */; };
/* End PBXBuildFile section */

/* Begin PBXFileReference section */
		0CDE2C4DCC638E50F9148AEE /* TaskRowView.swift */ = {isa = PBXFileReference; lastKnownFileType = sourcecode.swift; path = TaskRowView.swift; sourceTree = "<group>"; };
		344CBCE693D0F1911700755F /* TaskPersistence.swift */ = {isa = PBXFileReference; lastKnownFileType = sourcecode.swift; path = TaskPersistence.swift; sourceTree = "<group>"; };
		487D6282792C0FD56EFDFA33 /* ContentView.swift */ = {isa = PBXFileReference; lastKnownFileType = sourcecode.swift; path = ContentView.swift; sourceTree = "<group>"; };
		4DC1423AD085494F33745D2E /* TaskStore.swift */ = {isa = PBXFileReference; lastKnownFileType = sourcecode.swift; path = TaskStore.swift; sourceTree = "<group>"; };
		532FB390414BFD07438C8C9A /* TerminalSession.swift */ = {isa = PBXFileReference; lastKnownFileType = sourcecode.swift; path = TerminalSession.swift; sourceTree = "<group>"; };
		6560C5C6745BA72EBA596587 /* TerminatorApp.swift */ = {isa = PBXFileReference; lastKnownFileType = sourcecode.swift; path = TerminatorApp.swift; sourceTree = "<group>"; };
		98E84673B94DD8D69BFD52B0 /* Terminator.app */ = {isa = PBXFileReference; explicitFileType = wrapper.application; includeInIndex = 0; path = Terminator.app; sourceTree = BUILT_PRODUCTS_DIR; };
		A366DBABB37A5D6471C04FF5 /* Terminator.entitlements */ = {isa = PBXFileReference; lastKnownFileType = text.plist.entitlements; path = Terminator.entitlements; sourceTree = "<group>"; };
		A941E4A0996B9AEED9CBAAE8 /* TaskItem.swift */ = {isa = PBXFileReference; lastKnownFileType = sourcecode.swift; path = TaskItem.swift; sourceTree = "<group>"; };
		B4BC420863F54E3A07CA8D52 /* TerminalPanelView.swift */ = {isa = PBXFileReference; lastKnownFileType = sourcecode.swift; path = TerminalPanelView.swift; sourceTree = "<group>"; };
		C081BE14A6D98DFB365FD7CA /* SwiftTermView.swift */ = {isa = PBXFileReference; lastKnownFileType = sourcecode.swift; path = SwiftTermView.swift; sourceTree = "<group>"; };
		D23B7DE2DFE3C4DDE8C7D2BA /* TerminalManager.swift */ = {isa = PBXFileReference; lastKnownFileType = sourcecode.swift; path = TerminalManager.swift; sourceTree = "<group>"; };
		EF59B9EF930DEB772C21104F /* TaskListView.swift */ = {isa = PBXFileReference; lastKnownFileType = sourcecode.swift; path = TaskListView.swift; sourceTree = "<group>"; };
/* End PBXFileReference section */

/* Begin PBXFrameworksBuildPhase section */
		FE07208BA712AE1A21249122 /* Frameworks */ = {
			isa = PBXFrameworksBuildPhase;
			buildActionMask = 2147483647;
			files = (
				7903184A5122D02FCE2646B7 /* SwiftTerm in Frameworks */,
			);
			runOnlyForDeploymentPostprocessing = 0;
		};
/* End PBXFrameworksBuildPhase section */

/* Begin PBXGroup section */
		239D8723A8D6E7912BD83861 /* Persistence */ = {
			isa = PBXGroup;
			children = (
				344CBCE693D0F1911700755F /* TaskPersistence.swift */,
			);
			path = Persistence;
			sourceTree = "<group>";
		};
		454A339ECD607077368EA7C8 /* Terminator */ = {
			isa = PBXGroup;
			children = (
				487D6282792C0FD56EFDFA33 /* ContentView.swift */,
				A366DBABB37A5D6471C04FF5 /* Terminator.entitlements */,
				6560C5C6745BA72EBA596587 /* TerminatorApp.swift */,
				DD8F778FBB0714C8CC99081B /* Models */,
				239D8723A8D6E7912BD83861 /* Persistence */,
				8B786CF559FDC46DCFEF2A26 /* ViewModels */,
				92D96D52C84B8C1C686325CA /* Views */,
			);
			path = Terminator;
			sourceTree = "<group>";
		};
		8B786CF559FDC46DCFEF2A26 /* ViewModels */ = {
			isa = PBXGroup;
			children = (
				4DC1423AD085494F33745D2E /* TaskStore.swift */,
				D23B7DE2DFE3C4DDE8C7D2BA /* TerminalManager.swift */,
			);
			path = ViewModels;
			sourceTree = "<group>";
		};
		92D96D52C84B8C1C686325CA /* Views */ = {
			isa = PBXGroup;
			children = (
				C081BE14A6D98DFB365FD7CA /* SwiftTermView.swift */,
				EF59B9EF930DEB772C21104F /* TaskListView.swift */,
				0CDE2C4DCC638E50F9148AEE /* TaskRowView.swift */,
				B4BC420863F54E3A07CA8D52 /* TerminalPanelView.swift */,
			);
			path = Views;
			sourceTree = "<group>";
		};
		A4D49ED084F753B3C6E032A8 /* Products */ = {
			isa = PBXGroup;
			children = (
				98E84673B94DD8D69BFD52B0 /* Terminator.app */,
			);
			name = Products;
			sourceTree = "<group>";
		};
		AD69284E708D44D7069C7EE2 = {
			isa = PBXGroup;
			children = (
				454A339ECD607077368EA7C8 /* Terminator */,
				A4D49ED084F753B3C6E032A8 /* Products */,
			);
			sourceTree = "<group>";
		};
		DD8F778FBB0714C8CC99081B /* Models */ = {
			isa = PBXGroup;
			children = (
				A941E4A0996B9AEED9CBAAE8 /* TaskItem.swift */,
				532FB390414BFD07438C8C9A /* TerminalSession.swift */,
			);
			path = Models;
			sourceTree = "<group>";
		};
/* End PBXGroup section */

/* Begin PBXNativeTarget section */
		3C9541B4DCBD9558722225B1 /* Terminator */ = {
			isa = PBXNativeTarget;
			buildConfigurationList = A8AA637947532ED6D7CB32C5 /* Build configuration list for PBXNativeTarget "Terminator" */;
			buildPhases = (
				79A37B251EC101473BB00404 /* Sources */,
				FE07208BA712AE1A21249122 /* Frameworks */,
			);
			buildRules = (
			);
			dependencies = (
			);
			name = Terminator;
			packageProductDependencies = (
				453B89BD174B41D8EBBE24D0 /* SwiftTerm */,
			);
			productName = Terminator;
			productReference = 98E84673B94DD8D69BFD52B0 /* Terminator.app */;
			productType = "com.apple.product-type.application";
		};
/* End PBXNativeTarget section */

/* Begin PBXProject section */
		50EFDDC062C7584EF4763755 /* Project object */ = {
			isa = PBXProject;
			attributes = {
				BuildIndependentTargetsInParallel = YES;
				LastUpgradeCheck = 1500;
			};
			buildConfigurationList = 68F6BAFD3A5CDC13E483F908 /* Build configuration list for PBXProject "Terminator" */;
			compatibilityVersion = "Xcode 14.0";
			developmentRegion = en;
			hasScannedForEncodings = 0;
			knownRegions = (
				Base,
				en,
			);
			mainGroup = AD69284E708D44D7069C7EE2;
			minimizedProjectReferenceProxies = 1;
			packageReferences = (
				1031731F1C769C17961B2042 /* XCRemoteSwiftPackageReference "SwiftTerm" */,
			);
			preferredProjectObjectVersion = 77;
			projectDirPath = "";
			projectRoot = "";
			targets = (
				3C9541B4DCBD9558722225B1 /* Terminator */,
			);
		};
/* End PBXProject section */

/* Begin PBXSourcesBuildPhase section */
		79A37B251EC101473BB00404 /* Sources */ = {
			isa = PBXSourcesBuildPhase;
			buildActionMask = 2147483647;
			files = (
				56CE4C9D82FE2A6BCE0B961A /* ContentView.swift in Sources */,
				E3E06AE1FFAE32F771C3DE1B /* SwiftTermView.swift in Sources */,
				C0928B26FD55E0844B9EA447 /* TaskItem.swift in Sources */,
				34B024D3007516CBE057D5C7 /* TaskListView.swift in Sources */,
				89C1E88D91C380D363AA3F04 /* TaskPersistence.swift in Sources */,
				ADA9422CEB890F3043C4FD08 /* TaskRowView.swift in Sources */,
				066ADC4DD80A12571DF2151E /* TaskStore.swift in Sources */,
				0FB30F80EB7ECF4363FD1FED /* TerminalManager.swift in Sources */,
				F200B4A932AFEEC8BFEF0D76 /* TerminalPanelView.swift in Sources */,
				419AB25FA08F5C8A7860B1AF /* TerminalSession.swift in Sources */,
				DA7374F469E481038FC3BB2A /* TerminatorApp.swift in Sources */,
			);
			runOnlyForDeploymentPostprocessing = 0;
		};
/* End PBXSourcesBuildPhase section */

/* Begin XCBuildConfiguration section */
		324FF42150992F88C261DA92 /* Release */ = {
			isa = XCBuildConfiguration;
			buildSettings = {
				ASSETCATALOG_COMPILER_APPICON_NAME = AppIcon;
				CODE_SIGN_ENTITLEMENTS = Terminator/Terminator.entitlements;
				COMBINE_HIDPI_IMAGES = YES;
				CURRENT_PROJECT_VERSION = 1;
				GENERATE_INFOPLIST_FILE = YES;
				INFOPLIST_KEY_CFBundleDisplayName = Terminator;
				INFOPLIST_KEY_LSApplicationCategoryType = "public.app-category.developer-tools";
				LD_RUNPATH_SEARCH_PATHS = (
					"$(inherited)",
					"@executable_path/../Frameworks",
				);
				MACOSX_DEPLOYMENT_TARGET = 14.0;
				MARKETING_VERSION = 1.0.0;
				PRODUCT_BUNDLE_IDENTIFIER = com.terminator.app;
				SDKROOT = macosx;
				SWIFT_VERSION = 5.9;
			};
			name = Release;
		};
		63BA7CA458F4191C45225771 /* Release */ = {
			isa = XCBuildConfiguration;
			buildSettings = {
				ALWAYS_SEARCH_USER_PATHS = NO;
				CLANG_ANALYZER_NONNULL = YES;
				CLANG_ANALYZER_NUMBER_OBJECT_CONVERSION = YES_AGGRESSIVE;
				CLANG_CXX_LANGUAGE_STANDARD = "gnu++14";
				CLANG_CXX_LIBRARY = "libc++";
				CLANG_ENABLE_MODULES = YES;
				CLANG_ENABLE_OBJC_ARC = YES;
				CLANG_ENABLE_OBJC_WEAK = YES;
				CLANG_WARN_BLOCK_CAPTURE_AUTORELEASING = YES;
				CLANG_WARN_BOOL_CONVERSION = YES;
				CLANG_WARN_COMMA = YES;
				CLANG_WARN_CONSTANT_CONVERSION = YES;
				CLANG_WARN_DEPRECATED_OBJC_IMPLEMENTATIONS = YES;
				CLANG_WARN_DIRECT_OBJC_ISA_USAGE = YES_ERROR;
				CLANG_WARN_DOCUMENTATION_COMMENTS = YES;
				CLANG_WARN_EMPTY_BODY = YES;
				CLANG_WARN_ENUM_CONVERSION = YES;
				CLANG_WARN_INFINITE_RECURSION = YES;
				CLANG_WARN_INT_CONVERSION = YES;
				CLANG_WARN_NON_LITERAL_NULL_CONVERSION = YES;
				CLANG_WARN_OBJC_IMPLICIT_RETAIN_SELF = YES;
				CLANG_WARN_OBJC_LITERAL_CONVERSION = YES;
				CLANG_WARN_OBJC_ROOT_CLASS = YES_ERROR;
				CLANG_WARN_QUOTED_INCLUDE_IN_FRAMEWORK_HEADER = YES;
				CLANG_WARN_RANGE_LOOP_ANALYSIS = YES;
				CLANG_WARN_STRICT_PROTOTYPES = YES;
				CLANG_WARN_SUSPICIOUS_MOVE = YES;
				CLANG_WARN_UNGUARDED_AVAILABILITY = YES_AGGRESSIVE;
				CLANG_WARN_UNREACHABLE_CODE = YES;
				CLANG_WARN__DUPLICATE_METHOD_MATCH = YES;
				COPY_PHASE_STRIP = NO;
				DEBUG_INFORMATION_FORMAT = "dwarf-with-dsym";
				ENABLE_NS_ASSERTIONS = NO;
				ENABLE_STRICT_OBJC_MSGSEND = YES;
				GCC_C_LANGUAGE_STANDARD = gnu11;
				GCC_NO_COMMON_BLOCKS = YES;
				GCC_WARN_64_TO_32_BIT_CONVERSION = YES;
				GCC_WARN_ABOUT_RETURN_TYPE = YES_ERROR;
				GCC_WARN_UNDECLARED_SELECTOR = YES;
				GCC_WARN_UNINITIALIZED_AUTOS = YES_AGGRESSIVE;
				GCC_WARN_UNUSED_FUNCTION = YES;
				GCC_WARN_UNUSED_VARIABLE = YES;
				MACOSX_DEPLOYMENT_TARGET = 14.0;
				MTL_ENABLE_DEBUG_INFO = NO;
				MTL_FAST_MATH = YES;
				PRODUCT_NAME = "$(TARGET_NAME)";
				SDKROOT = macosx;
				SWIFT_COMPILATION_MODE = wholemodule;
				SWIFT_OPTIMIZATION_LEVEL = "-O";
				SWIFT_VERSION = 5.0;
			};
			name = Release;
		};
		69F725F4B347632F8153A51E /* Debug */ = {
			isa = XCBuildConfiguration;
			buildSettings = {
				ASSETCATALOG_COMPILER_APPICON_NAME = AppIcon;
				CODE_SIGN_ENTITLEMENTS = Terminator/Terminator.entitlements;
				COMBINE_HIDPI_IMAGES = YES;
				CURRENT_PROJECT_VERSION = 1;
				GENERATE_INFOPLIST_FILE = YES;
				INFOPLIST_KEY_CFBundleDisplayName = Terminator;
				INFOPLIST_KEY_LSApplicationCategoryType = "public.app-category.developer-tools";
				LD_RUNPATH_SEARCH_PATHS = (
					"$(inherited)",
					"@executable_path/../Frameworks",
				);
				MACOSX_DEPLOYMENT_TARGET = 14.0;
				MARKETING_VERSION = 1.0.0;
				PRODUCT_BUNDLE_IDENTIFIER = com.terminator.app;
				SDKROOT = macosx;
				SWIFT_VERSION = 5.9;
			};
			name = Debug;
		};
		7500F203FDC11D09E94B3312 /* Debug */ = {
			isa = XCBuildConfiguration;
			buildSettings = {
				ALWAYS_SEARCH_USER_PATHS = NO;
				CLANG_ANALYZER_NONNULL = YES;
				CLANG_ANALYZER_NUMBER_OBJECT_CONVERSION = YES_AGGRESSIVE;
				CLANG_CXX_LANGUAGE_STANDARD = "gnu++14";
				CLANG_CXX_LIBRARY = "libc++";
				CLANG_ENABLE_MODULES = YES;
				CLANG_ENABLE_OBJC_ARC = YES;
				CLANG_ENABLE_OBJC_WEAK = YES;
				CLANG_WARN_BLOCK_CAPTURE_AUTORELEASING = YES;
				CLANG_WARN_BOOL_CONVERSION = YES;
				CLANG_WARN_COMMA = YES;
				CLANG_WARN_CONSTANT_CONVERSION = YES;
				CLANG_WARN_DEPRECATED_OBJC_IMPLEMENTATIONS = YES;
				CLANG_WARN_DIRECT_OBJC_ISA_USAGE = YES_ERROR;
				CLANG_WARN_DOCUMENTATION_COMMENTS = YES;
				CLANG_WARN_EMPTY_BODY = YES;
				CLANG_WARN_ENUM_CONVERSION = YES;
				CLANG_WARN_INFINITE_RECURSION = YES;
				CLANG_WARN_INT_CONVERSION = YES;
				CLANG_WARN_NON_LITERAL_NULL_CONVERSION = YES;
				CLANG_WARN_OBJC_IMPLICIT_RETAIN_SELF = YES;
				CLANG_WARN_OBJC_LITERAL_CONVERSION = YES;
				CLANG_WARN_OBJC_ROOT_CLASS = YES_ERROR;
				CLANG_WARN_QUOTED_INCLUDE_IN_FRAMEWORK_HEADER = YES;
				CLANG_WARN_RANGE_LOOP_ANALYSIS = YES;
				CLANG_WARN_STRICT_PROTOTYPES = YES;
				CLANG_WARN_SUSPICIOUS_MOVE = YES;
				CLANG_WARN_UNGUARDED_AVAILABILITY = YES_AGGRESSIVE;
				CLANG_WARN_UNREACHABLE_CODE = YES;
				CLANG_WARN__DUPLICATE_METHOD_MATCH = YES;
				COPY_PHASE_STRIP = NO;
				DEBUG_INFORMATION_FORMAT = dwarf;
				ENABLE_STRICT_OBJC_MSGSEND = YES;
				ENABLE_TESTABILITY = YES;
				GCC_C_LANGUAGE_STANDARD = gnu11;
				GCC_DYNAMIC_NO_PIC = NO;
				GCC_NO_COMMON_BLOCKS = YES;
				GCC_OPTIMIZATION_LEVEL = 0;
				GCC_PREPROCESSOR_DEFINITIONS = (
					"$(inherited)",
					"DEBUG=1",
				);
				GCC_WARN_64_TO_32_BIT_CONVERSION = YES;
				GCC_WARN_ABOUT_RETURN_TYPE = YES_ERROR;
				GCC_WARN_UNDECLARED_SELECTOR = YES;
				GCC_WARN_UNINITIALIZED_AUTOS = YES_AGGRESSIVE;
				GCC_WARN_UNUSED_FUNCTION = YES;
				GCC_WARN_UNUSED_VARIABLE = YES;
				MACOSX_DEPLOYMENT_TARGET = 14.0;
				MTL_ENABLE_DEBUG_INFO = INCLUDE_SOURCE;
				MTL_FAST_MATH = YES;
				ONLY_ACTIVE_ARCH = YES;
				PRODUCT_NAME = "$(TARGET_NAME)";
				SDKROOT = macosx;
				SWIFT_ACTIVE_COMPILATION_CONDITIONS = DEBUG;
				SWIFT_OPTIMIZATION_LEVEL = "-Onone";
				SWIFT_VERSION = 5.0;
			};
			name = Debug;
		};
/* End XCBuildConfiguration section */

/* Begin XCConfigurationList section */
		68F6BAFD3A5CDC13E483F908 /* Build configuration list for PBXProject "Terminator" */ = {
			isa = XCConfigurationList;
			buildConfigurations = (
				7500F203FDC11D09E94B3312 /* Debug */,
				63BA7CA458F4191C45225771 /* Release */,
			);
			defaultConfigurationIsVisible = 0;
			defaultConfigurationName = Debug;
		};
		A8AA637947532ED6D7CB32C5 /* Build configuration list for PBXNativeTarget "Terminator" */ = {
			isa = XCConfigurationList;
			buildConfigurations = (
				69F725F4B347632F8153A51E /* Debug */,
				324FF42150992F88C261DA92 /* Release */,
			);
			defaultConfigurationIsVisible = 0;
			defaultConfigurationName = Debug;
		};
/* End XCConfigurationList section */

/* Begin XCRemoteSwiftPackageReference section */
		1031731F1C769C17961B2042 /* XCRemoteSwiftPackageReference "SwiftTerm" */ = {
			isa = XCRemoteSwiftPackageReference;
			repositoryURL = "https://github.com/migueldeicaza/SwiftTerm.git";
			requirement = {
				kind = upToNextMajorVersion;
				minimumVersion = 1.0.0;
			};
		};
/* End XCRemoteSwiftPackageReference section */

/* Begin XCSwiftPackageProductDependency section */
		453B89BD174B41D8EBBE24D0 /* SwiftTerm */ = {
			isa = XCSwiftPackageProductDependency;
			package = 1031731F1C769C17961B2042 /* XCRemoteSwiftPackageReference "SwiftTerm" */;
			productName = SwiftTerm;
		};
/* End XCSwiftPackageProductDependency section */
	};
	rootObject = 50EFDDC062C7584EF4763755 /* Project object */;
}
